
Microsoft Visual Studio Solution File, Format Version 12.00
# Visual Studio Express 2012 for Windows Desktop
Project("{FAE04EC0-301F-11D3-BF4B-00C04F79EFBC}") = "02.ConcatenateTwoTextFiles", "ConcatenateTwoTextFiles\02.ConcatenateTwoTextFiles.csproj", "{23D58EA0-0F2D-4B3E-9414-F7601A45B51F}"
EndProject
Project("{FAE04EC0-301F-11D3-BF4B-00C04F79EFBC}") = "05.TextFileSubmatrixMaxSum", "TextFileSubmatrixMaxSum\05.TextFileSubmatrixMaxSum.csproj", "{EC5D14D6-2707-4909-91B2-A7084FD6F1D2}"
EndProject
Project("{FAE04EC0-301F-11D3-BF4B-00C04F79EFBC}") = "11.DeleteWordsStartingWithText", "DeleteWordsStartingWithText\11.DeleteWordsStartingWithText.csproj", "{4535CD63-5479-472D-9E46-3C78B8280827}"
EndProject
Global
	GlobalSection(SolutionConfigurationPlatforms) = preSolution
		Debug|Any CPU = Debug|Any CPU
		Release|Any CPU = Release|Any CPU
	EndGlobalSection
	GlobalSection(ProjectConfigurationPlatforms) = postSolution
		{23D58EA0-0F2D-4B3E-9414-F7601A45B51F}.Debug|Any CPU.ActiveCfg = Debug|Any CPU
		{23D58EA0-0F2D-4B3E-9414-F7601A45B51F}.Debug|Any CPU.Build.0 = Debug|Any CPU
		{23D58EA0-0F2D-4B3E-9414-F7601A45B51F}.Release|Any CPU.ActiveCfg = Release|Any CPU
		{23D58EA0-0F2D-4B3E-9414-F7601A45B51F}.Release|Any CPU.Build.0 = Release|Any CPU
		{EC5D14D6-2707-4909-91B2-A7084FD6F1D2}.Debug|Any CPU.ActiveCfg = Debug|Any CPU
		{EC5D14D6-2707-4909-91B2-A7084FD6F1D2}.Debug|Any CPU.Build.0 = Debug|Any CPU
		{EC5D14D6-2707-4909-91B2-A7084FD6F1D2}.Release|Any CPU.ActiveCfg = Release|Any CPU
		{EC5D14D6-2707-4909-91B2-A7084FD6F1D2}.Release|Any CPU.Build.0 = Release|Any CPU
		{4535CD63-5479-472D-9E46-3C78B8280827}.Debug|Any CPU.ActiveCfg = Debug|Any CPU
		{4535CD63-5479-472D-9E46-3C78B8280827}.Debug|Any CPU.Build.0 = Debug|Any CPU
		{4535CD63-5479-472D-9E46-3C78B8280827}.Release|Any CPU.ActiveCfg = Release|Any CPU
		{4535CD63-5479-472D-9E46-3C78B8280827}.Release|Any CPU.Build.0 = Release|Any CPU
	EndGlobalSection
	GlobalSection(SolutionProperties) = preSolution
		HideSolutionNode = FALSE
	EndGlobalSection
EndGlobal
